
Microsoft Visual Studio Solution File, Format Version 12.00
# Visual Studio 14
VisualStudioVersion = 14.0.25420.1
MinimumVisualStudioVersion = 10.0.40219.1
Project("{FAE04EC0-301F-11D3-BF4B-00C04F79EFBC}") = "MovieProject", "MovieProject\MovieProject.csproj", "{7D633A85-2F4B-4A62-9FE4-49CAC1D25E29}"
EndProject
Project("{FAE04EC0-301F-11D3-BF4B-00C04F79EFBC}") = "MovieProject.Tests", "MovieProject.Tests\MovieProject.Tests.csproj", "{9EA7F09D-CF03-4DD0-8AC6-417B542AC632}"
EndProject
Global
	GlobalSection(SolutionConfigurationPlatforms) = preSolution
		Debug|Any CPU = Debug|Any CPU
		Release|Any CPU = Release|Any CPU
	EndGlobalSection
	GlobalSection(ProjectConfigurationPlatforms) = postSolution
		{7D633A85-2F4B-4A62-9FE4-49CAC1D25E29}.Debug|Any CPU.ActiveCfg = Debug|Any CPU
		{7D633A85-2F4B-4A62-9FE4-49CAC1D25E29}.Debug|Any CPU.Build.0 = Debug|Any CPU
		{7D633A85-2F4B-4A62-9FE4-49CAC1D25E29}.Release|Any CPU.ActiveCfg = Release|Any CPU
		{7D633A85-2F4B-4A62-9FE4-49CAC1D25E29}.Release|Any CPU.Build.0 = Release|Any CPU
		{9EA7F09D-CF03-4DD0-8AC6-417B542AC632}.Debug|Any CPU.ActiveCfg = Debug|Any CPU
		{9EA7F09D-CF03-4DD0-8AC6-417B542AC632}.Debug|Any CPU.Build.0 = Debug|Any CPU
		{9EA7F09D-CF03-4DD0-8AC6-417B542AC632}.Release|Any CPU.ActiveCfg = Release|Any CPU
		{9EA7F09D-CF03-4DD0-8AC6-417B542AC632}.Release|Any CPU.Build.0 = Release|Any CPU
	EndGlobalSection
	GlobalSection(SolutionProperties) = preSolution
		HideSolutionNode = FALSE
	EndGlobalSection
EndGlobal
